{
  "nodes": {
    "home-manager": {
      "inputs": {
        "nixpkgs": [
          "nixpkgs"
        ]
      },
      "locked": {
        "lastModified": 1782657028,
        "narHash": "sha256-PHTCpYZCMzJYS3phhywqRAZphKVr2zjvlGYa+H20ZZ4=",
        "owner": "nix-community",
        "repo": "home-manager",
        "rev": "4ad9aaae70c9aaab504127f926c0fa9cfbc2b365",
        "type": "github"
      },
      "original": {
        "owner": "nix-community",
        "repo": "home-manager",
        "type": "github"
      }
    },
    "millennium": {
      "inputs": {
        "millennium-src": "millennium-src",
        "nixpkgs": [
          "nixpkgs"
        ]
      },
      "locked": {
        "dir": "packages/nix",
        "lastModified": 1782487025,
        "narHash": "sha256-torOOjdUo1AxKV4zEKD0cdOZhigyIYpLCHZ2Y4w0lkE=",
        "owner": "SteamClientHomebrew",
        "repo": "Millennium",
        "rev": "583149e477c0ed1114827d28708e6ea6619cada4",
        "type": "github"
      },
      "original": {
        "dir": "packages/nix",
        "owner": "SteamClientHomebrew",
        "repo": "Millennium",
        "type": "github"
      }
    },
    "millennium-src": {
      "flake": false,
      "locked": {
        "lastModified": 1782335834,
        "narHash": "sha256-nqNRtEkYgXawzpw/xCAgMSyaHKl5GFvzKm8WOoaUN24=",
        "owner": "SteamClientHomebrew",
        "repo": "Millennium",
        "rev": "dc3eae41082dd6b3b3eacffc3bfc711afbbda707",
        "type": "github"
      },
      "original": {
        "owner": "SteamClientHomebrew",
        "repo": "Millennium",
        "rev": "dc3eae41082dd6b3b3eacffc3bfc711afbbda707",
        "type": "github"
      }
    },
    "nixpkgs": {
      "locked": {
        "lastModified": 1782467914,
        "narHash": "sha256-pGvFkM8N0xEkIIXDe5YYfbEAvHrk4IxBrjB/x8OomhE=",
        "owner": "nixos",
        "repo": "nixpkgs",
        "rev": "e73de5be04e0eff4190a1432b946d469c794e7b4",
        "type": "github"
      },
      "original": {
        "owner": "nixos",
        "ref": "nixos-unstable",
        "repo": "nixpkgs",
        "type": "github"
      }
    },
    "root": {
      "inputs": {
        "home-manager": "home-manager",
        "millennium": "millennium",
        "nixpkgs": "nixpkgs"
      }
    }
  },
  "root": "root",
  "version": 7
}
